version = 1
revision = 1
requires-python = ">=3.12"
resolution-markers = [
    "python_full_version >= '3.13'",
    "python_full_version < '3.13'",
]

[[package]]
name = "annotated-types"
version = "0.7.0"
source = { registry = "https://pypi.org/simple" }
sdist = { url = "https://files.pythonhosted.org/packages/ee/67/531ea369ba64dcff5ec9c3402f9f51bf748cec26dde048a2f973a4eea7f5/annotated_types-0.7.0.tar.gz", hash = "sha256:aff07c09a53a08bc8cfccb9c85b05f1aa9a2a6f23728d790723543408344ce89", size = 16081 }
wheels = [
    { url = "https://files.pythonhosted.org/packages/78/b6/6307fbef88d9b5ee7421e68d78a9f162e0da4900bc5f5793f6d3d0e34fb8/annotated_types-0.7.0-py3-none-any.whl", hash = "sha256:1f02e8b43a8fbbc3f3e0d4f0f4bfc8131bcb4eebe8849b8e5c773f3a1c582a53", size = 13643 },
]

[[package]]
name = "asgiref"
version = "3.8.1"
source = { registry = "https://pypi.org/simple" }
sdist = { url = "https://files.pythonhosted.org/packages/29/38/b3395cc9ad1b56d2ddac9970bc8f4141312dbaec28bc7c218b0dfafd0f42/asgiref-3.8.1.tar.gz", hash = "sha256:c343bd80a0bec947a9860adb4c432ffa7db769836c64238fc34bdc3fec84d590", size = 35186 }
wheels = [
    { url = "https://files.pythonhosted.org/packages/39/e3/893e8757be2612e6c266d9bb58ad2e3651524b5b40cf56761e985a28b13e/asgiref-3.8.1-py3-none-any.whl", hash = "sha256:3e1e3ecc849832fe52ccf2cb6686b7a55f82bb1d6aee72a58826471390335e47", size = 23828 },
]

[[package]]
name = "auto-daily-report"
version = "0.1.0"
source = { virtual = "." }
dependencies = [
    { name = "django" },
    { name = "django-widget-tweaks" },
    { name = "google-generativeai" },
    { name = "python-dotenv" },
]

[package.metadata]
requires-dist = [
    { name = "django", specifier = ">=5.1.7" },
    { name = "django-widget-tweaks", specifier = ">=1.5.0" },
    { name = "google-generativeai", specifier = ">=0.8.4" },
    { name = "python-dotenv", specifier = ">=1.1.0" },
]

[[package]]
name = "cachetools"
version = "5.5.2"
source = { registry = "https://pypi.org/simple" }
sdist = { url = "https://files.pythonhosted.org/packages/6c/81/3747dad6b14fa2cf53fcf10548cf5aea6913e96fab41a3c198676f8948a5/cachetools-5.5.2.tar.gz", hash = "sha256:1a661caa9175d26759571b2e19580f9d6393969e5dfca11fdb1f947a23e640d4", size = 28380 }
wheels = [
    { url = "https://files.pythonhosted.org/packages/72/76/20fa66124dbe6be5cafeb312ece67de6b61dd91a0247d1ea13db4ebb33c2/cachetools-5.5.2-py3-none-any.whl", hash = "sha256:d26a22bcc62eb95c3beabd9f1ee5e820d3d2704fe2967cbe350e20c8ffcd3f0a", size = 10080 },
]

[[package]]
name = "certifi"
version = "2025.1.31"
source = { registry = "https://pypi.org/simple" }
sdist = { url = "https://files.pythonhosted.org/packages/1c/ab/c9f1e32b7b1bf505bf26f0ef697775960db7932abeb7b516de930ba2705f/certifi-2025.1.31.tar.gz", hash = "sha256:3d5da6925056f6f18f119200434a4780a94263f10d1c21d032a6f6b2baa20651", size = 167577 }
wheels = [
    { url = "https://files.pythonhosted.org/packages/38/fc/bce832fd4fd99766c04d1ee0eead6b0ec6486fb100ae5e74c1d91292b982/certifi-2025.1.31-py3-none-any.whl", hash = "sha256:ca78db4565a652026a4db2bcdf68f2fb589ea80d0be70e03929ed730746b84fe", size = 166393 },
]

[[package]]
name = "charset-normalizer"
version = "3.4.1"
source = { registry = "https://pypi.org/simple" }
sdist = { url = "https://files.pythonhosted.org/packages/16/b0/572805e227f01586461c80e0fd25d65a2115599cc9dad142fee4b747c357/charset_normalizer-3.4.1.tar.gz", hash = "sha256:44251f18cd68a75b56585dd00dae26183e102cd5e0f9f1466e6df5da2ed64ea3", size = 123188 }
wheels = [
    { url = "https://files.pythonhosted.org/packages/0a/9a/dd1e1cdceb841925b7798369a09279bd1cf183cef0f9ddf15a3a6502ee45/charset_normalizer-3.4.1-cp312-cp312-macosx_10_13_universal2.whl", hash = "sha256:73d94b58ec7fecbc7366247d3b0b10a21681004153238750bb67bd9012414545", size = 196105 },
    { url = "https://files.pythonhosted.org/packages/d3/8c/90bfabf8c4809ecb648f39794cf2a84ff2e7d2a6cf159fe68d9a26160467/charset_normalizer-3.4.1-cp312-cp312-manylinux_2_17_aarch64.manylinux2014_aarch64.whl", hash = "sha256:dad3e487649f498dd991eeb901125411559b22e8d7ab25d3aeb1af367df5efd7", size = 140404 },
    { url = "https://files.pythonhosted.org/packages/ad/8f/e410d57c721945ea3b4f1a04b74f70ce8fa800d393d72899f0a40526401f/charset_normalizer-3.4.1-cp312-cp312-manylinux_2_17_ppc64le.manylinux2014_ppc64le.whl", hash = "sha256:c30197aa96e8eed02200a83fba2657b4c3acd0f0aa4bdc9f6c1af8e8962e0757", size = 150423 },
    { url = "https://files.pythonhosted.org/packages/f0/b8/e6825e25deb691ff98cf5c9072ee0605dc2acfca98af70c2d1b1bc75190d/charset_normalizer-3.4.1-cp312-cp312-manylinux_2_17_s390x.manylinux2014_s390x.whl", hash = "sha256:2369eea1ee4a7610a860d88f268eb39b95cb588acd7235e02fd5a5601773d4fa", size = 143184 },
    { url = "https://files.pythonhosted.org/packages/3e/a2/513f6cbe752421f16d969e32f3583762bfd583848b763913ddab8d9bfd4f/charset_normalizer-3.4.1-cp312-cp312-manylinux_2_17_x86_64.manylinux2014_x86_64.whl", hash = "sha256:bc2722592d8998c870fa4e290c2eec2c1569b87fe58618e67d38b4665dfa680d", size = 145268 },
    { url = "https://files.pythonhosted.org/packages/74/94/8a5277664f27c3c438546f3eb53b33f5b19568eb7424736bdc440a88a31f/charset_normalizer-3.4.1-cp312-cp312-manylinux_2_5_i686.manylinux1_i686.manylinux_2_17_i686.manylinux2014_i686.whl", hash = "sha256:ffc9202a29ab3920fa812879e95a9e78b2465fd10be7fcbd042899695d75e616", size = 147601 },
    { url = "https://files.pythonhosted.org/packages/7c/5f/6d352c51ee763623a98e31194823518e09bfa48be2a7e8383cf691bbb3d0/charset_normalizer-3.4.1-cp312-cp312-musllinux_1_2_aarch64.whl", hash = "sha256:804a4d582ba6e5b747c625bf1255e6b1507465494a40a2130978bda7b932c90b", size = 141098 },
    { url = "https://files.pythonhosted.org/packages/78/d4/f5704cb629ba5ab16d1d3d741396aec6dc3ca2b67757c45b0599bb010478/charset_normalizer-3.4.1-cp312-cp312-musllinux_1_2_i686.whl", hash = "sha256:0f55e69f030f7163dffe9fd0752b32f070566451afe180f99dbeeb81f511ad8d", size = 149520 },
    { url = "https://files.pythonhosted.org/packages/c5/96/64120b1d02b81785f222b976c0fb79a35875457fa9bb40827678e54d1bc8/charset_normalizer-3.4.1-cp312-cp312-musllinux_1_2_ppc64le.whl", hash = "sha256:c4c3e6da02df6fa1410a7680bd3f63d4f710232d3139089536310d027950696a", size = 152852 },
    { url = "https://files.pythonhosted.org/packages/84/c9/98e3732278a99f47d487fd3468bc60b882920cef29d1fa6ca460a1fdf4e6/charset_normalizer-3.4.1-cp312-cp312-musllinux_1_2_s390x.whl", hash = "sha256:5df196eb874dae23dcfb968c83d4f8fdccb333330fe1fc278ac5ceeb101003a9", size = 150488 },
    { url = "https://files.pythonhosted.org/packages/13/0e/9c8d4cb99c98c1007cc11eda969ebfe837bbbd0acdb4736d228ccaabcd22/charset_normalizer-3.4.1-cp312-cp312-musllinux_1_2_x86_64.whl", hash = "sha256:e358e64305fe12299a08e08978f51fc21fac060dcfcddd95453eabe5b93ed0e1", size = 146192 },
    { url = "https://files.pythonhosted.org/packages/b2/21/2b6b5b860781a0b49427309cb8670785aa543fb2178de875b87b9cc97746/charset_normalizer-3.4.1-cp312-cp312-win32.whl", hash = "sha256:9b23ca7ef998bc739bf6ffc077c2116917eabcc901f88da1b9856b210ef63f35", size = 95550 },
    { url = "https://files.pythonhosted.org/packages/21/5b/1b390b03b1d16c7e382b561c5329f83cc06623916aab983e8ab9239c7d5c/charset_normalizer-3.4.1-cp312-cp312-win_amd64.whl", hash = "sha256:6ff8a4a60c227ad87030d76e99cd1698345d4491638dfa6673027c48b3cd395f", size = 102785 },
    { url = "https://files.pythonhosted.org/packages/38/94/ce8e6f63d18049672c76d07d119304e1e2d7c6098f0841b51c666e9f44a0/charset_normalizer-3.4.1-cp313-cp313-macosx_10_13_universal2.whl", hash = "sha256:aabfa34badd18f1da5ec1bc2715cadc8dca465868a4e73a0173466b688f29dda", size = 195698 },
    { url = "https://files.pythonhosted.org/packages/24/2e/dfdd9770664aae179a96561cc6952ff08f9a8cd09a908f259a9dfa063568/charset_normalizer-3.4.1-cp313-cp313-manylinux_2_17_aarch64.manylinux2014_aarch64.whl", hash = "sha256:22e14b5d70560b8dd51ec22863f370d1e595ac3d024cb8ad7d308b4cd95f8313", size = 140162 },
    { url = "https://files.pythonhosted.org/packages/24/4e/f646b9093cff8fc86f2d60af2de4dc17c759de9d554f130b140ea4738ca6/charset_normalizer-3.4.1-cp313-cp313-manylinux_2_17_ppc64le.manylinux2014_ppc64le.whl", hash = "sha256:8436c508b408b82d87dc5f62496973a1805cd46727c34440b0d29d8a2f50a6c9", size = 150263 },
    { url = "https://files.pythonhosted.org/packages/5e/67/2937f8d548c3ef6e2f9aab0f6e21001056f692d43282b165e7c56023e6dd/charset_normalizer-3.4.1-cp313-cp313-manylinux_2_17_s390x.manylinux2014_s390x.whl", hash = "sha256:2d074908e1aecee37a7635990b2c6d504cd4766c7bc9fc86d63f9c09af3fa11b", size = 142966 },
    { url = "https://files.pythonhosted.org/packages/52/ed/b7f4f07de100bdb95c1756d3a4d17b90c1a3c53715c1a476f8738058e0fa/charset_normalizer-3.4.1-cp313-cp313-manylinux_2_17_x86_64.manylinux2014_x86_64.whl", hash = "sha256:955f8851919303c92343d2f66165294848d57e9bba6cf6e3625485a70a038d11", size = 144992 },
    { url = "https://files.pythonhosted.org/packages/96/2c/d49710a6dbcd3776265f4c923bb73ebe83933dfbaa841c5da850fe0fd20b/charset_normalizer-3.4.1-cp313-cp313-manylinux_2_5_i686.manylinux1_i686.manylinux_2_17_i686.manylinux2014_i686.whl", hash = "sha256:44ecbf16649486d4aebafeaa7ec4c9fed8b88101f4dd612dcaf65d5e815f837f", size = 147162 },
    { url = "https://files.pythonhosted.org/packages/b4/41/35ff1f9a6bd380303dea55e44c4933b4cc3c4850988927d4082ada230273/charset_normalizer-3.4.1-cp313-cp313-musllinux_1_2_aarch64.whl", hash = "sha256:0924e81d3d5e70f8126529951dac65c1010cdf117bb75eb02dd12339b57749dd", size = 140972 },
    { url = "https://files.pythonhosted.org/packages/fb/43/c6a0b685fe6910d08ba971f62cd9c3e862a85770395ba5d9cad4fede33ab/charset_normalizer-3.4.1-cp313-cp313-musllinux_1_2_i686.whl", hash = "sha256:2967f74ad52c3b98de4c3b32e1a44e32975e008a9cd2a8cc8966d6a5218c5cb2", size = 149095 },
    { url = "https://files.pythonhosted.org/packages/4c/ff/a9a504662452e2d2878512115638966e75633519ec11f25fca3d2049a94a/charset_normalizer-3.4.1-cp313-cp313-musllinux_1_2_ppc64le.whl", hash = "sha256:c75cb2a3e389853835e84a2d8fb2b81a10645b503eca9bcb98df6b5a43eb8886", size = 152668 },
    { url = "https://files.pythonhosted.org/packages/6c/71/189996b6d9a4b932564701628af5cee6716733e9165af1d5e1b285c530ed/charset_normalizer-3.4.1-cp313-cp313-musllinux_1_2_s390x.whl", hash = "sha256:09b26ae6b1abf0d27570633b2b078a2a20419c99d66fb2823173d73f188ce601", size = 150073 },
    { url = "https://files.pythonhosted.org/packages/e4/93/946a86ce20790e11312c87c75ba68d5f6ad2208cfb52b2d6a2c32840d922/charset_normalizer-3.4.1-cp313-cp313-musllinux_1_2_x86_64.whl", hash = "sha256:fa88b843d6e211393a37219e6a1c1df99d35e8fd90446f1118f4216e307e48cd", size = 145732 },
    { url = "https://files.pythonhosted.org/packages/cd/e5/131d2fb1b0dddafc37be4f3a2fa79aa4c037368be9423061dccadfd90091/charset_normalizer-3.4.1-cp313-cp313-win32.whl", hash = "sha256:eb8178fe3dba6450a3e024e95ac49ed3400e506fd4e9e5c32d30adda88cbd407", size = 95391 },
    { url = "https://files.pythonhosted.org/packages/27/f2/4f9a69cc7712b9b5ad8fdb87039fd89abba997ad5cbe690d1835d40405b0/charset_normalizer-3.4.1-cp313-cp313-win_amd64.whl", hash = "sha256:b1ac5992a838106edb89654e0aebfc24f5848ae2547d22c2c3f66454daa11971", size = 102702 },
    { url = "https://files.pythonhosted.org/packages/0e/f6/65ecc6878a89bb1c23a086ea335ad4bf21a588990c3f535a227b9eea9108/charset_normalizer-3.4.1-py3-none-any.whl", hash = "sha256:d98b1668f06378c6dbefec3b92299716b931cd4e6061f3c875a71ced1780ab85", size = 49767 },
]

[[package]]
name = "colorama"
version = "0.4.6"
source = { registry = "https://pypi.org/simple" }
sdist = { url = "https://files.pythonhosted.org/packages/d8/53/6f443c9a4a8358a93a6792e2acffb9d9d5cb0a5cfd8802644b7b1c9a02e4/colorama-0.4.6.tar.gz", hash = "sha256:08695f5cb7ed6e0531a20572697297273c47b8cae5a63ffc6d6ed5c201be6e44", size = 27697 }
wheels = [
    { url = "https://files.pythonhosted.org/packages/d1/d6/3965ed04c63042e047cb6a3e6ed1a63a35087b6a609aa3a15ed8ac56c221/colorama-0.4.6-py2.py3-none-any.whl", hash = "sha256:4f1d9991f5acc0ca119f9d443620b77f9d6b33703e51011c16baf57afb285fc6", size = 25335 },
]

[[package]]
name = "django"
version = "5.1.7"
source = { registry = "https://pypi.org/simple" }
dependencies = [
    { name = "asgiref" },
    { name = "sqlparse" },
    { name = "tzdata", marker = "sys_platform == 'win32'" },
]
sdist = { url = "https://files.pythonhosted.org/packages/5f/57/11186e493ddc5a5e92cc7924a6363f7d4c2b645f7d7cb04a26a63f9bfb8b/Django-5.1.7.tar.gz", hash = "sha256:30de4ee43a98e5d3da36a9002f287ff400b43ca51791920bfb35f6917bfe041c", size = 10716510 }
wheels = [
    { url = "https://files.pythonhosted.org/packages/ba/0f/7e042df3d462d39ae01b27a09ee76653692442bc3701fbfa6cb38e12889d/Django-5.1.7-py3-none-any.whl", hash = "sha256:1323617cb624add820cb9611cdcc788312d250824f92ca6048fda8625514af2b", size = 8276912 },
]

[[package]]
name = "django-widget-tweaks"
version = "1.5.0"
source = { registry = "https://pypi.org/simple" }
sdist = { url = "https://files.pythonhosted.org/packages/a5/fe/26eb92fba83844e71bbec0ced7fc2e843e5990020e3cc676925204031654/django-widget-tweaks-1.5.0.tar.gz", hash = "sha256:1c2180681ebb994e922c754804c7ffebbe1245014777ac47897a81f57cc629c7", size = 14767 }
wheels = [
    { url = "https://files.pythonhosted.org/packages/46/6a/6cb6deb5c38b785c77c3ba66f53051eada49205979c407323eb666930915/django_widget_tweaks-1.5.0-py3-none-any.whl", hash = "sha256:a41b7b2f05bd44d673d11ebd6c09a96f1d013ee98121cb98c384fe84e33b881e", size = 8960 },
]

[[package]]
name = "google-ai-generativelanguage"
version = "0.6.15"
source = { registry = "https://pypi.org/simple" }
dependencies = [
    { name = "google-api-core", extra = ["grpc"] },
    { name = "google-auth" },
    { name = "proto-plus" },
    { name = "protobuf" },
]
sdist = { url = "https://files.pythonhosted.org/packages/11/d1/48fe5d7a43d278e9f6b5ada810b0a3530bbeac7ed7fcbcd366f932f05316/google_ai_generativelanguage-0.6.15.tar.gz", hash = "sha256:8f6d9dc4c12b065fe2d0289026171acea5183ebf2d0b11cefe12f3821e159ec3", size = 1375443 }
wheels = [
    { url = "https://files.pythonhosted.org/packages/7c/a3/67b8a6ff5001a1d8864922f2d6488dc2a14367ceb651bc3f09a947f2f306/google_ai_generativelanguage-0.6.15-py3-none-any.whl", hash = "sha256:5a03ef86377aa184ffef3662ca28f19eeee158733e45d7947982eb953c6ebb6c", size = 1327356 },
]

[[package]]
name = "google-api-core"
version = "2.24.2"
source = { registry = "https://pypi.org/simple" }
dependencies = [
    { name = "google-auth" },
    { name = "googleapis-common-protos" },
    { name = "proto-plus" },
    { name = "protobuf" },
    { name = "requests" },
]
sdist = { url = "https://files.pythonhosted.org/packages/09/5c/085bcb872556934bb119e5e09de54daa07873f6866b8f0303c49e72287f7/google_api_core-2.24.2.tar.gz", hash = "sha256:81718493daf06d96d6bc76a91c23874dbf2fac0adbbf542831b805ee6e974696", size = 163516 }
wheels = [
    { url = "https://files.pythonhosted.org/packages/46/95/f472d85adab6e538da2025dfca9e976a0d125cc0af2301f190e77b76e51c/google_api_core-2.24.2-py3-none-any.whl", hash = "sha256:810a63ac95f3c441b7c0e43d344e372887f62ce9071ba972eacf32672e072de9", size = 160061 },
]

[package.optional-dependencies]
grpc = [
    { name = "grpcio" },
    { name = "grpcio-status" },
]

[[package]]
name = "google-api-python-client"
version = "2.166.0"
source = { registry = "https://pypi.org/simple" }
dependencies = [
    { name = "google-api-core" },
    { name = "google-auth" },
    { name = "google-auth-httplib2" },
    { name = "httplib2" },
    { name = "uritemplate" },
]
sdist = { url = "https://files.pythonhosted.org/packages/c4/c9/eac7b4e843039f0a54a563c2328d43de6f02e426a11b6a7e378996f667db/google_api_python_client-2.166.0.tar.gz", hash = "sha256:b8cf843bd9d736c134aef76cf1dc7a47c9283a2ef24267b97207b9dd43b30ef7", size = 12680525 }
wheels = [
    { url = "https://files.pythonhosted.org/packages/b4/44/ae1528a6ca296d89704c8febb72b3e263c28b4e50ab29b9202df7a0f273d/google_api_python_client-2.166.0-py2.py3-none-any.whl", hash = "sha256:dd8cc74d9fc18538ab05cbd2e93cb4f82382f910c5f6945db06c91f1deae6e45", size = 13190078 },
]

[[package]]
name = "google-auth"
version = "2.38.0"
source = { registry = "https://pypi.org/simple" }
dependencies = [
    { name = "cachetools" },
    { name = "pyasn1-modules" },
    { name = "rsa" },
]
sdist = { url = "https://files.pythonhosted.org/packages/c6/eb/d504ba1daf190af6b204a9d4714d457462b486043744901a6eeea711f913/google_auth-2.38.0.tar.gz", hash = "sha256:8285113607d3b80a3f1543b75962447ba8a09fe85783432a784fdeef6ac094c4", size = 270866 }
wheels = [
    { url = "https://files.pythonhosted.org/packages/9d/47/603554949a37bca5b7f894d51896a9c534b9eab808e2520a748e081669d0/google_auth-2.38.0-py2.py3-none-any.whl", hash = "sha256:e7dae6694313f434a2727bf2906f27ad259bae090d7aa896590d86feec3d9d4a", size = 210770 },
]

[[package]]
name = "google-auth-httplib2"
version = "0.2.0"
source = { registry = "https://pypi.org/simple" }
dependencies = [
    { name = "google-auth" },
    { name = "httplib2" },
]
sdist = { url = "https://files.pythonhosted.org/packages/56/be/217a598a818567b28e859ff087f347475c807a5649296fb5a817c58dacef/google-auth-httplib2-0.2.0.tar.gz", hash = "sha256:38aa7badf48f974f1eb9861794e9c0cb2a0511a4ec0679b1f886d108f5640e05", size = 10842 }
wheels = [
    { url = "https://files.pythonhosted.org/packages/be/8a/fe34d2f3f9470a27b01c9e76226965863f153d5fbe276f83608562e49c04/google_auth_httplib2-0.2.0-py2.py3-none-any.whl", hash = "sha256:b65a0a2123300dd71281a7bf6e64d65a0759287df52729bdd1ae2e47dc311a3d", size = 9253 },
]

[[package]]
name = "google-generativeai"
version = "0.8.4"
source = { registry = "https://pypi.org/simple" }
dependencies = [
    { name = "google-ai-generativelanguage" },
    { name = "google-api-core" },
    { name = "google-api-python-client" },
    { name = "google-auth" },
    { name = "protobuf" },
    { name = "pydantic" },
    { name = "tqdm" },
    { name = "typing-extensions" },
]
wheels = [
    { url = "https://files.pythonhosted.org/packages/9b/b0/6c6af327a8a6ef3be6fe79be1d6f1e2914d6c363aa6b081b93396f4460a7/google_generativeai-0.8.4-py3-none-any.whl", hash = "sha256:e987b33ea6decde1e69191ddcaec6ef974458864d243de7191db50c21a7c5b82", size = 175409 },
]

[[package]]
name = "googleapis-common-protos"
version = "1.69.2"
source = { registry = "https://pypi.org/simple" }
dependencies = [
    { name = "protobuf" },
]
sdist = { url = "https://files.pythonhosted.org/packages/1b/d7/ee9d56af4e6dbe958562b5020f46263c8a4628e7952070241fc0e9b182ae/googleapis_common_protos-1.69.2.tar.gz", hash = "sha256:3e1b904a27a33c821b4b749fd31d334c0c9c30e6113023d495e48979a3dc9c5f", size = 144496 }
wheels = [
    { url = "https://files.pythonhosted.org/packages/f9/53/d35476d547a286506f0a6a634ccf1e5d288fffd53d48f0bd5fef61d68684/googleapis_common_protos-1.69.2-py3-none-any.whl", hash = "sha256:0b30452ff9c7a27d80bfc5718954063e8ab53dd3697093d3bc99581f5fd24212", size = 293215 },
]

[[package]]
name = "grpcio"
version = "1.71.0"
source = { registry = "https://pypi.org/simple" }
sdist = { url = "https://files.pythonhosted.org/packages/1c/95/aa11fc09a85d91fbc7dd405dcb2a1e0256989d67bf89fa65ae24b3ba105a/grpcio-1.71.0.tar.gz", hash = "sha256:2b85f7820475ad3edec209d3d89a7909ada16caab05d3f2e08a7e8ae3200a55c", size = 12549828 }
wheels = [
    { url = "https://files.pythonhosted.org/packages/4c/83/bd4b6a9ba07825bd19c711d8b25874cd5de72c2a3fbf635c3c344ae65bd2/grpcio-1.71.0-cp312-cp312-linux_armv7l.whl", hash = "sha256:0ff35c8d807c1c7531d3002be03221ff9ae15712b53ab46e2a0b4bb271f38537", size = 5184101 },
    { url = "https://files.pythonhosted.org/packages/31/ea/2e0d90c0853568bf714693447f5c73272ea95ee8dad107807fde740e595d/grpcio-1.71.0-cp312-cp312-macosx_10_14_universal2.whl", hash = "sha256:b78a99cd1ece4be92ab7c07765a0b038194ded2e0a26fd654591ee136088d8d7", size = 11310927 },
    { url = "https://files.pythonhosted.org/packages/ac/bc/07a3fd8af80467390af491d7dc66882db43884128cdb3cc8524915e0023c/grpcio-1.71.0-cp312-cp312-manylinux_2_17_aarch64.whl", hash = "sha256:dc1a1231ed23caac1de9f943d031f1bc38d0f69d2a3b243ea0d664fc1fbd7fec", size = 5654280 },
    { url = "https://files.pythonhosted.org/packages/16/af/21f22ea3eed3d0538b6ef7889fce1878a8ba4164497f9e07385733391e2b/grpcio-1.71.0-cp312-cp312-manylinux_2_17_i686.manylinux2014_i686.whl", hash = "sha256:e6beeea5566092c5e3c4896c6d1d307fb46b1d4bdf3e70c8340b190a69198594", size = 6312051 },
    { url = "https://files.pythonhosted.org/packages/49/9d/e12ddc726dc8bd1aa6cba67c85ce42a12ba5b9dd75d5042214a59ccf28ce/grpcio-1.71.0-cp312-cp312-manylinux_2_17_x86_64.manylinux2014_x86_64.whl", hash = "sha256:d5170929109450a2c031cfe87d6716f2fae39695ad5335d9106ae88cc32dc84c", size = 5910666 },
    { url = "https://files.pythonhosted.org/packages/d9/e9/38713d6d67aedef738b815763c25f092e0454dc58e77b1d2a51c9d5b3325/grpcio-1.71.0-cp312-cp312-musllinux_1_1_aarch64.whl", hash = "sha256:5b08d03ace7aca7b2fadd4baf291139b4a5f058805a8327bfe9aece7253b6d67", size = 6012019 },
    { url = "https://files.pythonhosted.org/packages/80/da/4813cd7adbae6467724fa46c952d7aeac5e82e550b1c62ed2aeb78d444ae/grpcio-1.71.0-cp312-cp312-musllinux_1_1_i686.whl", hash = "sha256:f903017db76bf9cc2b2d8bdd37bf04b505bbccad6be8a81e1542206875d0e9db", size = 6637043 },
    { url = "https://files.pythonhosted.org/packages/52/ca/c0d767082e39dccb7985c73ab4cf1d23ce8613387149e9978c70c3bf3b07/grpcio-1.71.0-cp312-cp312-musllinux_1_1_x86_64.whl", hash = "sha256:469f42a0b410883185eab4689060a20488a1a0a00f8bbb3cbc1061197b4c5a79", size = 6186143 },
    { url = "https://files.pythonhosted.org/packages/00/61/7b2c8ec13303f8fe36832c13d91ad4d4ba57204b1c723ada709c346b2271/grpcio-1.71.0-cp312-cp312-win32.whl", hash = "sha256:ad9f30838550695b5eb302add33f21f7301b882937460dd24f24b3cc5a95067a", size = 3604083 },
    { url = "https://files.pythonhosted.org/packages/fd/7c/1e429c5fb26122055d10ff9a1d754790fb067d83c633ff69eddcf8e3614b/grpcio-1.71.0-cp312-cp312-win_amd64.whl", hash = "sha256:652350609332de6dac4ece254e5d7e1ff834e203d6afb769601f286886f6f3a8", size = 4272191 },
    { url = "https://files.pythonhosted.org/packages/04/dd/b00cbb45400d06b26126dcfdbdb34bb6c4f28c3ebbd7aea8228679103ef6/grpcio-1.71.0-cp313-cp313-linux_armv7l.whl", hash = "sha256:cebc1b34ba40a312ab480ccdb396ff3c529377a2fce72c45a741f7215bfe8379", size = 5184138 },
    { url = "https://files.pythonhosted.org/packages/ed/0a/4651215983d590ef53aac40ba0e29dda941a02b097892c44fa3357e706e5/grpcio-1.71.0-cp313-cp313-macosx_10_14_universal2.whl", hash = "sha256:85da336e3649a3d2171e82f696b5cad2c6231fdd5bad52616476235681bee5b3", size = 11310747 },
    { url = "https://files.pythonhosted.org/packages/57/a3/149615b247f321e13f60aa512d3509d4215173bdb982c9098d78484de216/grpcio-1.71.0-cp313-cp313-manylinux_2_17_aarch64.whl", hash = "sha256:f9a412f55bb6e8f3bb000e020dbc1e709627dcb3a56f6431fa7076b4c1aab0db", size = 5653991 },
    { url = "https://files.pythonhosted.org/packages/ca/56/29432a3e8d951b5e4e520a40cd93bebaa824a14033ea8e65b0ece1da6167/grpcio-1.71.0-cp313-cp313-manylinux_2_17_i686.manylinux2014_i686.whl", hash = "sha256:47be9584729534660416f6d2a3108aaeac1122f6b5bdbf9fd823e11fe6fbaa29", size = 6312781 },
    { url = "https://files.pythonhosted.org/packages/a3/f8/286e81a62964ceb6ac10b10925261d4871a762d2a763fbf354115f9afc98/grpcio-1.71.0-cp313-cp313-manylinux_2_17_x86_64.manylinux2014_x86_64.whl", hash = "sha256:7c9c80ac6091c916db81131d50926a93ab162a7e97e4428ffc186b6e80d6dda4", size = 5910479 },
    { url = "https://files.pythonhosted.org/packages/35/67/d1febb49ec0f599b9e6d4d0d44c2d4afdbed9c3e80deb7587ec788fcf252/grpcio-1.71.0-cp313-cp313-musllinux_1_1_aarch64.whl", hash = "sha256:789d5e2a3a15419374b7b45cd680b1e83bbc1e52b9086e49308e2c0b5bbae6e3", size = 6013262 },
    { url = "https://files.pythonhosted.org/packages/a1/04/f9ceda11755f0104a075ad7163fc0d96e2e3a9fe25ef38adfc74c5790daf/grpcio-1.71.0-cp313-cp313-musllinux_1_1_i686.whl", hash = "sha256:1be857615e26a86d7363e8a163fade914595c81fec962b3d514a4b1e8760467b", size = 6643356 },
    { url = "https://files.pythonhosted.org/packages/fb/ce/236dbc3dc77cf9a9242adcf1f62538734ad64727fabf39e1346ad4bd5c75/grpcio-1.71.0-cp313-cp313-musllinux_1_1_x86_64.whl", hash = "sha256:a76d39b5fafd79ed604c4be0a869ec3581a172a707e2a8d7a4858cb05a5a7637", size = 6186564 },
    { url = "https://files.pythonhosted.org/packages/10/fd/b3348fce9dd4280e221f513dd54024e765b21c348bc475516672da4218e9/grpcio-1.71.0-cp313-cp313-win32.whl", hash = "sha256:74258dce215cb1995083daa17b379a1a5a87d275387b7ffe137f1d5131e2cfbb", size = 3601890 },
    { url = "https://files.pythonhosted.org/packages/be/f8/db5d5f3fc7e296166286c2a397836b8b042f7ad1e11028d82b061701f0f7/grpcio-1.71.0-cp313-cp313-win_amd64.whl", hash = "sha256:22c3bc8d488c039a199f7a003a38cb7635db6656fa96437a8accde8322ce2366", size = 4273308 },
]

[[package]]
name = "grpcio-status"
version = "1.71.0"
source = { registry = "https://pypi.org/simple" }
dependencies = [
    { name = "googleapis-common-protos" },
    { name = "grpcio" },
    { name = "protobuf" },
]
sdist = { url = "https://files.pythonhosted.org/packages/d7/53/a911467bece076020456401f55a27415d2d70d3bc2c37af06b44ea41fc5c/grpcio_status-1.71.0.tar.gz", hash = "sha256:11405fed67b68f406b3f3c7c5ae5104a79d2d309666d10d61b152e91d28fb968", size = 13669 }
wheels = [
    { url = "https://files.pythonhosted.org/packages/ad/d6/31fbc43ff097d8c4c9fc3df741431b8018f67bf8dfbe6553a555f6e5f675/grpcio_status-1.71.0-py3-none-any.whl", hash = "sha256:843934ef8c09e3e858952887467f8256aac3910c55f077a359a65b2b3cde3e68", size = 14424 },
]

[[package]]
name = "httplib2"
version = "0.22.0"
source = { registry = "https://pypi.org/simple" }
dependencies = [
    { name = "pyparsing" },
]
sdist = { url = "https://files.pythonhosted.org/packages/3d/ad/2371116b22d616c194aa25ec410c9c6c37f23599dcd590502b74db197584/httplib2-0.22.0.tar.gz", hash = "sha256:d7a10bc5ef5ab08322488bde8c726eeee5c8618723fdb399597ec58f3d82df81", size = 351116 }
wheels = [
    { url = "https://files.pythonhosted.org/packages/a8/6c/d2fbdaaa5959339d53ba38e94c123e4e84b8fbc4b84beb0e70d7c1608486/httplib2-0.22.0-py3-none-any.whl", hash = "sha256:14ae0a53c1ba8f3d37e9e27cf37eabb0fb9980f435ba405d546948b009dd64dc", size = 96854 },
]

[[package]]
name = "idna"
version = "3.10"
source = { registry = "https://pypi.org/simple" }
sdist = { url = "https://files.pythonhosted.org/packages/f1/70/7703c29685631f5a7590aa73f1f1d3fa9a380e654b86af429e0934a32f7d/idna-3.10.tar.gz", hash = "sha256:12f65c9b470abda6dc35cf8e63cc574b1c52b11df2c86030af0ac09b01b13ea9", size = 190490 }
wheels = [
    { url = "https://files.pythonhosted.org/packages/76/c6/c88e154df9c4e1a2a66ccf0005a88dfb2650c1dffb6f5ce603dfbd452ce3/idna-3.10-py3-none-any.whl", hash = "sha256:946d195a0d259cbba61165e88e65941f16e9b36ea6ddb97f00452bae8b1287d3", size = 70442 },
]

[[package]]
name = "proto-plus"
version = "1.26.1"
source = { registry = "https://pypi.org/simple" }
dependencies = [
    { name = "protobuf" },
]
sdist = { url = "https://files.pythonhosted.org/packages/f4/ac/87285f15f7cce6d4a008f33f1757fb5a13611ea8914eb58c3d0d26243468/proto_plus-1.26.1.tar.gz", hash = "sha256:21a515a4c4c0088a773899e23c7bbade3d18f9c66c73edd4c7ee3816bc96a012", size = 56142 }
wheels = [
    { url = "https://files.pythonhosted.org/packages/4e/6d/280c4c2ce28b1593a19ad5239c8b826871fc6ec275c21afc8e1820108039/proto_plus-1.26.1-py3-none-any.whl", hash = "sha256:13285478c2dcf2abb829db158e1047e2f1e8d63a077d94263c2b88b043c75a66", size = 50163 },
]

[[package]]
name = "protobuf"
version = "5.29.4"
source = { registry = "https://pypi.org/simple" }
sdist = { url = "https://files.pythonhosted.org/packages/17/7d/b9dca7365f0e2c4fa7c193ff795427cfa6290147e5185ab11ece280a18e7/protobuf-5.29.4.tar.gz", hash = "sha256:4f1dfcd7997b31ef8f53ec82781ff434a28bf71d9102ddde14d076adcfc78c99", size = 424902 }
wheels = [
    { url = "https://files.pythonhosted.org/packages/9a/b2/043a1a1a20edd134563699b0e91862726a0dc9146c090743b6c44d798e75/protobuf-5.29.4-cp310-abi3-win32.whl", hash = "sha256:13eb236f8eb9ec34e63fc8b1d6efd2777d062fa6aaa68268fb67cf77f6839ad7", size = 422709 },
    { url = "https://files.pythonhosted.org/packages/79/fc/2474b59570daa818de6124c0a15741ee3e5d6302e9d6ce0bdfd12e98119f/protobuf-5.29.4-cp310-abi3-win_amd64.whl", hash = "sha256:bcefcdf3976233f8a502d265eb65ea740c989bacc6c30a58290ed0e519eb4b8d", size = 434506 },
    { url = "https://files.pythonhosted.org/packages/46/de/7c126bbb06aa0f8a7b38aaf8bd746c514d70e6a2a3f6dd460b3b7aad7aae/protobuf-5.29.4-cp38-abi3-macosx_10_9_universal2.whl", hash = "sha256:307ecba1d852ec237e9ba668e087326a67564ef83e45a0189a772ede9e854dd0", size = 417826 },
    { url = "https://files.pythonhosted.org/packages/a2/b5/bade14ae31ba871a139aa45e7a8183d869efe87c34a4850c87b936963261/protobuf-5.29.4-cp38-abi3-manylinux2014_aarch64.whl", hash = "sha256:aec4962f9ea93c431d5714ed1be1c93f13e1a8618e70035ba2b0564d9e633f2e", size = 319574 },
    { url = "https://files.pythonhosted.org/packages/46/88/b01ed2291aae68b708f7d334288ad5fb3e7aa769a9c309c91a0d55cb91b0/protobuf-5.29.4-cp38-abi3-manylinux2014_x86_64.whl", hash = "sha256:d7d3f7d1d5a66ed4942d4fefb12ac4b14a29028b209d4bfb25c68ae172059922", size = 319672 },
    { url = "https://files.pythonhosted.org/packages/12/fb/a586e0c973c95502e054ac5f81f88394f24ccc7982dac19c515acd9e2c93/protobuf-5.29.4-py3-none-any.whl", hash = "sha256:3fde11b505e1597f71b875ef2fc52062b6a9740e5f7c8997ce878b6009145862", size = 172551 },
]

[[package]]
name = "pyasn1"
version = "0.6.1"
source = { registry = "https://pypi.org/simple" }
sdist = { url = "https://files.pythonhosted.org/packages/ba/e9/01f1a64245b89f039897cb0130016d79f77d52669aae6ee7b159a6c4c018/pyasn1-0.6.1.tar.gz", hash = "sha256:6f580d2bdd84365380830acf45550f2511469f673cb4a5ae3857a3170128b034", size = 145322 }
wheels = [
    { url = "https://files.pythonhosted.org/packages/c8/f1/d6a797abb14f6283c0ddff96bbdd46937f64122b8c925cab503dd37f8214/pyasn1-0.6.1-py3-none-any.whl", hash = "sha256:0d632f46f2ba09143da3a8afe9e33fb6f92fa2320ab7e886e2d0f7672af84629", size = 83135 },
]

[[package]]
name = "pyasn1-modules"
version = "0.4.2"
source = { registry = "https://pypi.org/simple" }
dependencies = [
    { name = "pyasn1" },
]
sdist = { url = "https://files.pythonhosted.org/packages/e9/e6/78ebbb10a8c8e4b61a59249394a4a594c1a7af95593dc933a349c8d00964/pyasn1_modules-0.4.2.tar.gz", hash = "sha256:677091de870a80aae844b1ca6134f54652fa2c8c5a52aa396440ac3106e941e6", size = 307892 }
wheels = [
    { url = "https://files.pythonhosted.org/packages/47/8d/d529b5d697919ba8c11ad626e835d4039be708a35b0d22de83a269a6682c/pyasn1_modules-0.4.2-py3-none-any.whl", hash = "sha256:29253a9207ce32b64c3ac6600edc75368f98473906e8fd1043bd6b5b1de2c14a", size = 181259 },
]

[[package]]
name = "pydantic"
version = "2.11.1"
source = { registry = "https://pypi.org/simple" }
dependencies = [
    { name = "annotated-types" },
    { name = "pydantic-core" },
    { name = "typing-extensions" },
    { name = "typing-inspection" },
]
sdist = { url = "https://files.pythonhosted.org/packages/93/a3/698b87a4d4d303d7c5f62ea5fbf7a79cab236ccfbd0a17847b7f77f8163e/pydantic-2.11.1.tar.gz", hash = "sha256:442557d2910e75c991c39f4b4ab18963d57b9b55122c8b2a9cd176d8c29ce968", size = 782817 }
wheels = [
    { url = "https://files.pythonhosted.org/packages/cc/12/f9221a949f2419e2e23847303c002476c26fbcfd62dc7f3d25d0bec5ca99/pydantic-2.11.1-py3-none-any.whl", hash = "sha256:5b6c415eee9f8123a14d859be0c84363fec6b1feb6b688d6435801230b56e0b8", size = 442648 },
]

[[package]]
name = "pydantic-core"
version = "2.33.0"
source = { registry = "https://pypi.org/simple" }
dependencies = [
    { name = "typing-extensions" },
]
sdist = { url = "https://files.pythonhosted.org/packages/b9/05/91ce14dfd5a3a99555fce436318cc0fd1f08c4daa32b3248ad63669ea8b4/pydantic_core-2.33.0.tar.gz", hash = "sha256:40eb8af662ba409c3cbf4a8150ad32ae73514cd7cb1f1a2113af39763dd616b3", size = 434080 }
wheels = [
    { url = "https://files.pythonhosted.org/packages/a9/c4/c9381323cbdc1bb26d352bc184422ce77c4bc2f2312b782761093a59fafc/pydantic_core-2.33.0-cp312-cp312-macosx_10_12_x86_64.whl", hash = "sha256:6c32a40712e3662bebe524abe8abb757f2fa2000028d64cc5a1006016c06af43", size = 2025127 },
    { url = "https://files.pythonhosted.org/packages/6f/bd/af35278080716ecab8f57e84515c7dc535ed95d1c7f52c1c6f7b313a9dab/pydantic_core-2.33.0-cp312-cp312-macosx_11_0_arm64.whl", hash = "sha256:8ec86b5baa36f0a0bfb37db86c7d52652f8e8aa076ab745ef7725784183c3fdd", size = 1851687 },
    { url = "https://files.pythonhosted.org/packages/12/e4/a01461225809c3533c23bd1916b1e8c2e21727f0fea60ab1acbffc4e2fca/pydantic_core-2.33.0-cp312-cp312-manylinux_2_17_aarch64.manylinux2014_aarch64.whl", hash = "sha256:4deac83a8cc1d09e40683be0bc6d1fa4cde8df0a9bf0cda5693f9b0569ac01b6", size = 1892232 },
    { url = "https://files.pythonhosted.org/packages/51/17/3d53d62a328fb0a49911c2962036b9e7a4f781b7d15e9093c26299e5f76d/pydantic_core-2.33.0-cp312-cp312-manylinux_2_17_armv7l.manylinux2014_armv7l.whl", hash = "sha256:175ab598fb457a9aee63206a1993874badf3ed9a456e0654273e56f00747bbd6", size = 1977896 },
    { url = "https://files.pythonhosted.org/packages/30/98/01f9d86e02ec4a38f4b02086acf067f2c776b845d43f901bd1ee1c21bc4b/pydantic_core-2.33.0-cp312-cp312-manylinux_2_17_ppc64le.manylinux2014_ppc64le.whl", hash = "sha256:5f36afd0d56a6c42cf4e8465b6441cf546ed69d3a4ec92724cc9c8c61bd6ecf4", size = 2127717 },
    { url = "https://files.pythonhosted.org/packages/3c/43/6f381575c61b7c58b0fd0b92134c5a1897deea4cdfc3d47567b3ff460a4e/pydantic_core-2.33.0-cp312-cp312-manylinux_2_17_s390x.manylinux2014_s390x.whl", hash = "sha256:0a98257451164666afafc7cbf5fb00d613e33f7e7ebb322fbcd99345695a9a61", size = 2680287 },
    { url = "https://files.pythonhosted.org/packages/01/42/c0d10d1451d161a9a0da9bbef023b8005aa26e9993a8cc24dc9e3aa96c93/pydantic_core-2.33.0-cp312-cp312-manylinux_2_17_x86_64.manylinux2014_x86_64.whl", hash = "sha256:ecc6d02d69b54a2eb83ebcc6f29df04957f734bcf309d346b4f83354d8376862", size = 2008276 },
    { url = "https://files.pythonhosted.org/packages/20/ca/e08df9dba546905c70bae44ced9f3bea25432e34448d95618d41968f40b7/pydantic_core-2.33.0-cp312-cp312-manylinux_2_5_i686.manylinux1_i686.whl", hash = "sha256:1a69b7596c6603afd049ce7f3835bcf57dd3892fc7279f0ddf987bebed8caa5a", size = 2115305 },
    { url = "https://files.pythonhosted.org/packages/03/1f/9b01d990730a98833113581a78e595fd40ed4c20f9693f5a658fb5f91eff/pydantic_core-2.33.0-cp312-cp312-musllinux_1_1_aarch64.whl", hash = "sha256:ea30239c148b6ef41364c6f51d103c2988965b643d62e10b233b5efdca8c0099", size = 2068999 },
    { url = "https://files.pythonhosted.org/packages/20/18/fe752476a709191148e8b1e1139147841ea5d2b22adcde6ee6abb6c8e7cf/pydantic_core-2.33.0-cp312-cp312-musllinux_1_1_armv7l.whl", hash = "sha256:abfa44cf2f7f7d7a199be6c6ec141c9024063205545aa09304349781b9a125e6", size = 2241488 },
    { url = "https://files.pythonhosted.org/packages/81/22/14738ad0a0bf484b928c9e52004f5e0b81dd8dabbdf23b843717b37a71d1/pydantic_core-2.33.0-cp312-cp312-musllinux_1_1_x86_64.whl", hash = "sha256:20d4275f3c4659d92048c70797e5fdc396c6e4446caf517ba5cad2db60cd39d3", size = 2248430 },
    { url = "https://files.pythonhosted.org/packages/e8/27/be7571e215ac8d321712f2433c445b03dbcd645366a18f67b334df8912bc/pydantic_core-2.33.0-cp312-cp312-win32.whl", hash = "sha256:918f2013d7eadea1d88d1a35fd4a1e16aaf90343eb446f91cb091ce7f9b431a2", size = 1908353 },
    { url = "https://files.pythonhosted.org/packages/be/3a/be78f28732f93128bd0e3944bdd4b3970b389a1fbd44907c97291c8dcdec/pydantic_core-2.33.0-cp312-cp312-win_amd64.whl", hash = "sha256:aec79acc183865bad120b0190afac467c20b15289050648b876b07777e67ea48", size = 1955956 },
    { url = "https://files.pythonhosted.org/packages/21/26/b8911ac74faa994694b76ee6a22875cc7a4abea3c381fdba4edc6c6bef84/pydantic_core-2.33.0-cp312-cp312-win_arm64.whl", hash = "sha256:5461934e895968655225dfa8b3be79e7e927e95d4bd6c2d40edd2fa7052e71b6", size = 1903259 },
    { url = "https://files.pythonhosted.org/packages/79/20/de2ad03ce8f5b3accf2196ea9b44f31b0cd16ac6e8cfc6b21976ed45ec35/pydantic_core-2.33.0-cp313-cp313-macosx_10_12_x86_64.whl", hash = "sha256:f00e8b59e1fc8f09d05594aa7d2b726f1b277ca6155fc84c0396db1b373c4555", size = 2032214 },
    { url = "https://files.pythonhosted.org/packages/f9/af/6817dfda9aac4958d8b516cbb94af507eb171c997ea66453d4d162ae8948/pydantic_core-2.33.0-cp313-cp313-macosx_11_0_arm64.whl", hash = "sha256:1a73be93ecef45786d7d95b0c5e9b294faf35629d03d5b145b09b81258c7cd6d", size = 1852338 },
    { url = "https://files.pythonhosted.org/packages/44/f3/49193a312d9c49314f2b953fb55740b7c530710977cabe7183b8ef111b7f/pydantic_core-2.33.0-cp313-cp313-manylinux_2_17_aarch64.manylinux2014_aarch64.whl", hash = "sha256:ff48a55be9da6930254565ff5238d71d5e9cd8c5487a191cb85df3bdb8c77365", size = 1896913 },
    { url = "https://files.pythonhosted.org/packages/06/e0/c746677825b2e29a2fa02122a8991c83cdd5b4c5f638f0664d4e35edd4b2/pydantic_core-2.33.0-cp313-cp313-manylinux_2_17_armv7l.manylinux2014_armv7l.whl", hash = "sha256:26a4ea04195638dcd8c53dadb545d70badba51735b1594810e9768c2c0b4a5da", size = 1986046 },
    { url = "https://files.pythonhosted.org/packages/11/ec/44914e7ff78cef16afb5e5273d480c136725acd73d894affdbe2a1bbaad5/pydantic_core-2.33.0-cp313-cp313-manylinux_2_17_ppc64le.manylinux2014_ppc64le.whl", hash = "sha256:41d698dcbe12b60661f0632b543dbb119e6ba088103b364ff65e951610cb7ce0", size = 2128097 },
    { url = "https://files.pythonhosted.org/packages/fe/f5/c6247d424d01f605ed2e3802f338691cae17137cee6484dce9f1ac0b872b/pydantic_core-2.33.0-cp313-cp313-manylinux_2_17_s390x.manylinux2014_s390x.whl", hash = "sha256:ae62032ef513fe6281ef0009e30838a01057b832dc265da32c10469622613885", size = 2681062 },
    { url = "https://files.pythonhosted.org/packages/f0/85/114a2113b126fdd7cf9a9443b1b1fe1b572e5bd259d50ba9d5d3e1927fa9/pydantic_core-2.33.0-cp313-cp313-manylinux_2_17_x86_64.manylinux2014_x86_64.whl", hash = "sha256:f225f3a3995dbbc26affc191d0443c6c4aa71b83358fd4c2b7d63e2f6f0336f9", size = 2007487 },
    { url = "https://files.pythonhosted.org/packages/e6/40/3c05ed28d225c7a9acd2b34c5c8010c279683a870219b97e9f164a5a8af0/pydantic_core-2.33.0-cp313-cp313-manylinux_2_5_i686.manylinux1_i686.whl", hash = "sha256:5bdd36b362f419c78d09630cbaebc64913f66f62bda6d42d5fbb08da8cc4f181", size = 2121382 },
    { url = "https://files.pythonhosted.org/packages/8a/22/e70c086f41eebd323e6baa92cc906c3f38ddce7486007eb2bdb3b11c8f64/pydantic_core-2.33.0-cp313-cp313-musllinux_1_1_aarch64.whl", hash = "sha256:2a0147c0bef783fd9abc9f016d66edb6cac466dc54a17ec5f5ada08ff65caf5d", size = 2072473 },
    { url = "https://files.pythonhosted.org/packages/3e/84/d1614dedd8fe5114f6a0e348bcd1535f97d76c038d6102f271433cd1361d/pydantic_core-2.33.0-cp313-cp313-musllinux_1_1_armv7l.whl", hash = "sha256:c860773a0f205926172c6644c394e02c25421dc9a456deff16f64c0e299487d3", size = 2249468 },
    { url = "https://files.pythonhosted.org/packages/b0/c0/787061eef44135e00fddb4b56b387a06c303bfd3884a6df9bea5cb730230/pydantic_core-2.33.0-cp313-cp313-musllinux_1_1_x86_64.whl", hash = "sha256:138d31e3f90087f42aa6286fb640f3c7a8eb7bdae829418265e7e7474bd2574b", size = 2254716 },
    { url = "https://files.pythonhosted.org/packages/ae/e2/27262eb04963201e89f9c280f1e10c493a7a37bc877e023f31aa72d2f911/pydantic_core-2.33.0-cp313-cp313-win32.whl", hash = "sha256:d20cbb9d3e95114325780f3cfe990f3ecae24de7a2d75f978783878cce2ad585", size = 1916450 },
    { url = "https://files.pythonhosted.org/packages/13/8d/25ff96f1e89b19e0b70b3cd607c9ea7ca27e1dcb810a9cd4255ed6abf869/pydantic_core-2.33.0-cp313-cp313-win_amd64.whl", hash = "sha256:ca1103d70306489e3d006b0f79db8ca5dd3c977f6f13b2c59ff745249431a606", size = 1956092 },
    { url = "https://files.pythonhosted.org/packages/1b/64/66a2efeff657b04323ffcd7b898cb0354d36dae3a561049e092134a83e9c/pydantic_core-2.33.0-cp313-cp313-win_arm64.whl", hash = "sha256:6291797cad239285275558e0a27872da735b05c75d5237bbade8736f80e4c225", size = 1908367 },
    { url = "https://files.pythonhosted.org/packages/52/54/295e38769133363d7ec4a5863a4d579f331728c71a6644ff1024ee529315/pydantic_core-2.33.0-cp313-cp313t-macosx_11_0_arm64.whl", hash = "sha256:7b79af799630af263eca9ec87db519426d8c9b3be35016eddad1832bac812d87", size = 1813331 },
    { url = "https://files.pythonhosted.org/packages/4c/9c/0c8ea02db8d682aa1ef48938abae833c1d69bdfa6e5ec13b21734b01ae70/pydantic_core-2.33.0-cp313-cp313t-manylinux_2_17_x86_64.manylinux2014_x86_64.whl", hash = "sha256:eabf946a4739b5237f4f56d77fa6668263bc466d06a8036c055587c130a46f7b", size = 1986653 },
    { url = "https://files.pythonhosted.org/packages/8e/4f/3fb47d6cbc08c7e00f92300e64ba655428c05c56b8ab6723bd290bae6458/pydantic_core-2.33.0-cp313-cp313t-win_amd64.whl", hash = "sha256:8a1d581e8cdbb857b0e0e81df98603376c1a5c34dc5e54039dcc00f043df81e7", size = 1931234 },
]

[[package]]
name = "pyparsing"
version = "3.2.3"
source = { registry = "https://pypi.org/simple" }
sdist = { url = "https://files.pythonhosted.org/packages/bb/22/f1129e69d94ffff626bdb5c835506b3a5b4f3d070f17ea295e12c2c6f60f/pyparsing-3.2.3.tar.gz", hash = "sha256:b9c13f1ab8b3b542f72e28f634bad4de758ab3ce4546e4301970ad6fa77c38be", size = 1088608 }
wheels = [
    { url = "https://files.pythonhosted.org/packages/05/e7/df2285f3d08fee213f2d041540fa4fc9ca6c2d44cf36d3a035bf2a8d2bcc/pyparsing-3.2.3-py3-none-any.whl", hash = "sha256:a749938e02d6fd0b59b356ca504a24982314bb090c383e3cf201c95ef7e2bfcf", size = 111120 },
]

[[package]]
name = "python-dotenv"
version = "1.1.0"
source = { registry = "https://pypi.org/simple" }
sdist = { url = "https://files.pythonhosted.org/packages/88/2c/7bb1416c5620485aa793f2de31d3df393d3686aa8a8506d11e10e13c5baf/python_dotenv-1.1.0.tar.gz", hash = "sha256:41f90bc6f5f177fb41f53e87666db362025010eb28f60a01c9143bfa33a2b2d5", size = 39920 }
wheels = [
    { url = "https://files.pythonhosted.org/packages/1e/18/98a99ad95133c6a6e2005fe89faedf294a748bd5dc803008059409ac9b1e/python_dotenv-1.1.0-py3-none-any.whl", hash = "sha256:d7c01d9e2293916c18baf562d95698754b0dbbb5e74d457c45d4f6561fb9d55d", size = 20256 },
]

[[package]]
name = "requests"
version = "2.32.3"
source = { registry = "https://pypi.org/simple" }
dependencies = [
    { name = "certifi" },
    { name = "charset-normalizer" },
    { name = "idna" },
    { name = "urllib3" },
]
sdist = { url = "https://files.pythonhosted.org/packages/63/70/2bf7780ad2d390a8d301ad0b550f1581eadbd9a20f896afe06353c2a2913/requests-2.32.3.tar.gz", hash = "sha256:55365417734eb18255590a9ff9eb97e9e1da868d4ccd6402399eaf68af20a760", size = 131218 }
wheels = [
    { url = "https://files.pythonhosted.org/packages/f9/9b/335f9764261e915ed497fcdeb11df5dfd6f7bf257d4a6a2a686d80da4d54/requests-2.32.3-py3-none-any.whl", hash = "sha256:70761cfe03c773ceb22aa2f671b4757976145175cdfca038c02654d061d6dcc6", size = 64928 },
]

[[package]]
name = "rsa"
version = "4.9"
source = { registry = "https://pypi.org/simple" }
dependencies = [
    { name = "pyasn1" },
]
sdist = { url = "https://files.pythonhosted.org/packages/aa/65/7d973b89c4d2351d7fb232c2e452547ddfa243e93131e7cfa766da627b52/rsa-4.9.tar.gz", hash = "sha256:e38464a49c6c85d7f1351b0126661487a7e0a14a50f1675ec50eb34d4f20ef21", size = 29711 }
wheels = [
    { url = "https://files.pythonhosted.org/packages/49/97/fa78e3d2f65c02c8e1268b9aba606569fe97f6c8f7c2d74394553347c145/rsa-4.9-py3-none-any.whl", hash = "sha256:90260d9058e514786967344d0ef75fa8727eed8a7d2e43ce9f4bcf1b536174f7", size = 34315 },
]

[[package]]
name = "sqlparse"
version = "0.5.3"
source = { registry = "https://pypi.org/simple" }
sdist = { url = "https://files.pythonhosted.org/packages/e5/40/edede8dd6977b0d3da179a342c198ed100dd2aba4be081861ee5911e4da4/sqlparse-0.5.3.tar.gz", hash = "sha256:09f67787f56a0b16ecdbde1bfc7f5d9c3371ca683cfeaa8e6ff60b4807ec9272", size = 84999 }
wheels = [
    { url = "https://files.pythonhosted.org/packages/a9/5c/bfd6bd0bf979426d405cc6e71eceb8701b148b16c21d2dc3c261efc61c7b/sqlparse-0.5.3-py3-none-any.whl", hash = "sha256:cf2196ed3418f3ba5de6af7e82c694a9fbdbfecccdfc72e281548517081f16ca", size = 44415 },
]

[[package]]
name = "tqdm"
version = "4.67.1"
source = { registry = "https://pypi.org/simple" }
dependencies = [
    { name = "colorama", marker = "sys_platform == 'win32'" },
]
sdist = { url = "https://files.pythonhosted.org/packages/a8/4b/29b4ef32e036bb34e4ab51796dd745cdba7ed47ad142a9f4a1eb8e0c744d/tqdm-4.67.1.tar.gz", hash = "sha256:f8aef9c52c08c13a65f30ea34f4e5aac3fd1a34959879d7e59e63027286627f2", size = 169737 }
wheels = [
    { url = "https://files.pythonhosted.org/packages/d0/30/dc54f88dd4a2b5dc8a0279bdd7270e735851848b762aeb1c1184ed1f6b14/tqdm-4.67.1-py3-none-any.whl", hash = "sha256:26445eca388f82e72884e0d580d5464cd801a3ea01e63e5601bdff9ba6a48de2", size = 78540 },
]

[[package]]
name = "typing-extensions"
version = "4.13.0"
source = { registry = "https://pypi.org/simple" }
sdist = { url = "https://files.pythonhosted.org/packages/0e/3e/b00a62db91a83fff600de219b6ea9908e6918664899a2d85db222f4fbf19/typing_extensions-4.13.0.tar.gz", hash = "sha256:0a4ac55a5820789d87e297727d229866c9650f6521b64206413c4fbada24d95b", size = 106520 }
wheels = [
    { url = "https://files.pythonhosted.org/packages/e0/86/39b65d676ec5732de17b7e3c476e45bb80ec64eb50737a8dce1a4178aba1/typing_extensions-4.13.0-py3-none-any.whl", hash = "sha256:c8dd92cc0d6425a97c18fbb9d1954e5ff92c1ca881a309c45f06ebc0b79058e5", size = 45683 },
]

[[package]]
name = "typing-inspection"
version = "0.4.0"
source = { registry = "https://pypi.org/simple" }
dependencies = [
    { name = "typing-extensions" },
]
sdist = { url = "https://files.pythonhosted.org/packages/82/5c/e6082df02e215b846b4b8c0b887a64d7d08ffaba30605502639d44c06b82/typing_inspection-0.4.0.tar.gz", hash = "sha256:9765c87de36671694a67904bf2c96e395be9c6439bb6c87b5142569dcdd65122", size = 76222 }
wheels = [
    { url = "https://files.pythonhosted.org/packages/31/08/aa4fdfb71f7de5176385bd9e90852eaf6b5d622735020ad600f2bab54385/typing_inspection-0.4.0-py3-none-any.whl", hash = "sha256:50e72559fcd2a6367a19f7a7e610e6afcb9fac940c650290eed893d61386832f", size = 14125 },
]

[[package]]
name = "tzdata"
version = "2025.2"
source = { registry = "https://pypi.org/simple" }
sdist = { url = "https://files.pythonhosted.org/packages/95/32/1a225d6164441be760d75c2c42e2780dc0873fe382da3e98a2e1e48361e5/tzdata-2025.2.tar.gz", hash = "sha256:b60a638fcc0daffadf82fe0f57e53d06bdec2f36c4df66280ae79bce6bd6f2b9", size = 196380 }
wheels = [
    { url = "https://files.pythonhosted.org/packages/5c/23/c7abc0ca0a1526a0774eca151daeb8de62ec457e77262b66b359c3c7679e/tzdata-2025.2-py2.py3-none-any.whl", hash = "sha256:1a403fada01ff9221ca8044d701868fa132215d84beb92242d9acd2147f667a8", size = 347839 },
]

[[package]]
name = "uritemplate"
version = "4.1.1"
source = { registry = "https://pypi.org/simple" }
sdist = { url = "https://files.pythonhosted.org/packages/d2/5a/4742fdba39cd02a56226815abfa72fe0aa81c33bed16ed045647d6000eba/uritemplate-4.1.1.tar.gz", hash = "sha256:4346edfc5c3b79f694bccd6d6099a322bbeb628dbf2cd86eea55a456ce5124f0", size = 273898 }
wheels = [
    { url = "https://files.pythonhosted.org/packages/81/c0/7461b49cd25aeece13766f02ee576d1db528f1c37ce69aee300e075b485b/uritemplate-4.1.1-py2.py3-none-any.whl", hash = "sha256:830c08b8d99bdd312ea4ead05994a38e8936266f84b9a7878232db50b044e02e", size = 10356 },
]

[[package]]
name = "urllib3"
version = "2.3.0"
source = { registry = "https://pypi.org/simple" }
sdist = { url = "https://files.pythonhosted.org/packages/aa/63/e53da845320b757bf29ef6a9062f5c669fe997973f966045cb019c3f4b66/urllib3-2.3.0.tar.gz", hash = "sha256:f8c5449b3cf0861679ce7e0503c7b44b5ec981bec0d1d3795a07f1ba96f0204d", size = 307268 }
wheels = [
    { url = "https://files.pythonhosted.org/packages/c8/19/4ec628951a74043532ca2cf5d97b7b14863931476d117c471e8e2b1eb39f/urllib3-2.3.0-py3-none-any.whl", hash = "sha256:1cee9ad369867bfdbbb48b7dd50374c0967a0bb7710050facf0dd6911440e3df", size = 128369 },
]
